
Microsoft Visual Studio Solution File, Format Version 12.00
# Visual Studio 15
VisualStudioVersion = 15.0.26228.4
MinimumVisualStudioVersion = 10.0.40219.1
Project("{FAE04EC0-301F-11D3-BF4B-00C04F79EFBC}") = "RockyGroomingApp", "RockyGroomingApp\RockyGroomingApp.csproj", "{CDE1EEAA-7EE4-4164-973A-D0208A787288}"
EndProject
Global
	GlobalSection(SolutionConfigurationPlatforms) = preSolution
		Debug|Any CPU = Debug|Any CPU
		Release|Any CPU = Release|Any CPU
	EndGlobalSection
	GlobalSection(ProjectConfigurationPlatforms) = postSolution
		{CDE1EEAA-7EE4-4164-973A-D0208A787288}.Debug|Any CPU.ActiveCfg = Debug|Any CPU
		{CDE1EEAA-7EE4-4164-973A-D0208A787288}.Debug|Any CPU.Build.0 = Debug|Any CPU
		{CDE1EEAA-7EE4-4164-973A-D0208A787288}.Release|Any CPU.ActiveCfg = Release|Any CPU
		{CDE1EEAA-7EE4-4164-973A-D0208A787288}.Release|Any CPU.Build.0 = Release|Any CPU
	EndGlobalSection
	GlobalSection(SolutionProperties) = preSolution
		HideSolutionNode = FALSE
	EndGlobalSection
EndGlobal
